
Microsoft Visual Studio Solution File, Format Version 12.00
# Visual Studio Version 17
VisualStudioVersion = 17.9.34723.18
MinimumVisualStudioVersion = 10.0.40219.1
Project("{FAE04EC0-301F-11D3-BF4B-00C04F79EFBC}") = "TurismoGoAPI", "TurismoGoAPI\TurismoGoAPI.csproj", "{B82FD93A-E9D0-422F-9865-8FB285CAE43D}"
EndProject
Global
	GlobalSection(SolutionConfigurationPlatforms) = preSolution
		Debug|Any CPU = Debug|Any CPU
		Release|Any CPU = Release|Any CPU
	EndGlobalSection
	GlobalSection(ProjectConfigurationPlatforms) = postSolution
		{B82FD93A-E9D0-422F-9865-8FB285CAE43D}.Debug|Any CPU.ActiveCfg = Debug|Any CPU
		{B82FD93A-E9D0-422F-9865-8FB285CAE43D}.Debug|Any CPU.Build.0 = Debug|Any CPU
		{B82FD93A-E9D0-422F-9865-8FB285CAE43D}.Release|Any CPU.ActiveCfg = Release|Any CPU
		{B82FD93A-E9D0-422F-9865-8FB285CAE43D}.Release|Any CPU.Build.0 = Release|Any CPU
	EndGlobalSection
	GlobalSection(SolutionProperties) = preSolution
		HideSolutionNode = FALSE
	EndGlobalSection
	GlobalSection(ExtensibilityGlobals) = postSolution
		SolutionGuid = {BE9B0FF4-47DD-4130-857F-E8604E6DDEB8}
	EndGlobalSection
EndGlobal
